
Microsoft Visual Studio Solution File, Format Version 12.00
# Visual Studio 15
VisualStudioVersion = 15.0.28307.2017
MinimumVisualStudioVersion = 10.0.40219.1
Project("{FAE04EC0-301F-11D3-BF4B-00C04F79EFBC}") = "WebGame", "WebGame\WebGame.csproj", "{54EB8D2F-773C-4FA5-8E75-11E5D057543E}"
EndProject
Global
	GlobalSection(SolutionConfigurationPlatforms) = preSolution
		Debug|Any CPU = Debug|Any CPU
		Release|Any CPU = Release|Any CPU
	EndGlobalSection
	GlobalSection(ProjectConfigurationPlatforms) = postSolution
		{54EB8D2F-773C-4FA5-8E75-11E5D057543E}.Debug|Any CPU.ActiveCfg = Debug|Any CPU
		{54EB8D2F-773C-4FA5-8E75-11E5D057543E}.Debug|Any CPU.Build.0 = Debug|Any CPU
		{54EB8D2F-773C-4FA5-8E75-11E5D057543E}.Release|Any CPU.ActiveCfg = Release|Any CPU
		{54EB8D2F-773C-4FA5-8E75-11E5D057543E}.Release|Any CPU.Build.0 = Release|Any CPU
	EndGlobalSection
	GlobalSection(SolutionProperties) = preSolution
		HideSolutionNode = FALSE
	EndGlobalSection
	GlobalSection(ExtensibilityGlobals) = postSolution
		SolutionGuid = {6B6B437C-6178-4381-BBEC-9A24C4AB03B8}
	EndGlobalSection
EndGlobal
